
Microsoft Visual Studio Solution File, Format Version 12.00
# Visual Studio Version 17
VisualStudioVersion = 17.5.33424.131
MinimumVisualStudioVersion = 10.0.40219.1
Project("{9A19103F-16F7-4668-BE54-9A1E7A4F7556}") = "CharmieAPI", "CharmieAPI\CharmieAPI.csproj", "{C9D3FF90-15C7-4E67-A976-58755586632F}"
EndProject
Project("{FAE04EC0-301F-11D3-BF4B-00C04F79EFBC}") = "CharmieAPITest", "CharmieAPITest\CharmieAPITest.csproj", "{BE057379-C9F9-49FF-B1C1-EFA7801F974D}"
EndProject
Global
	GlobalSection(SolutionConfigurationPlatforms) = preSolution
		Debug|Any CPU = Debug|Any CPU
		Release|Any CPU = Release|Any CPU
	EndGlobalSection
	GlobalSection(ProjectConfigurationPlatforms) = postSolution
		{C9D3FF90-15C7-4E67-A976-58755586632F}.Debug|Any CPU.ActiveCfg = Debug|Any CPU
		{C9D3FF90-15C7-4E67-A976-58755586632F}.Debug|Any CPU.Build.0 = Debug|Any CPU
		{C9D3FF90-15C7-4E67-A976-58755586632F}.Release|Any CPU.ActiveCfg = Release|Any CPU
		{C9D3FF90-15C7-4E67-A976-58755586632F}.Release|Any CPU.Build.0 = Release|Any CPU
		{BE057379-C9F9-49FF-B1C1-EFA7801F974D}.Debug|Any CPU.ActiveCfg = Debug|Any CPU
		{BE057379-C9F9-49FF-B1C1-EFA7801F974D}.Debug|Any CPU.Build.0 = Debug|Any CPU
		{BE057379-C9F9-49FF-B1C1-EFA7801F974D}.Release|Any CPU.ActiveCfg = Release|Any CPU
		{BE057379-C9F9-49FF-B1C1-EFA7801F974D}.Release|Any CPU.Build.0 = Release|Any CPU
	EndGlobalSection
	GlobalSection(SolutionProperties) = preSolution
		HideSolutionNode = FALSE
	EndGlobalSection
	GlobalSection(ExtensibilityGlobals) = postSolution
		SolutionGuid = {F209752C-45D2-4447-B7CE-690BBFAC38B2}
	EndGlobalSection
EndGlobal
